
Microsoft Visual Studio Solution File, Format Version 12.00
# Visual Studio Version 16
VisualStudioVersion = 16.0.31424.327
MinimumVisualStudioVersion = 10.0.40219.1
Project("{FAE04EC0-301F-11D3-BF4B-00C04F79EFBC}") = "Ejersicio24Vercion02", "Ejersicio24Vercion02\Ejersicio24Vercion02.csproj", "{EA2296F8-5637-4400-9AAE-9F9711E6D8D5}"
EndProject
Global
	GlobalSection(SolutionConfigurationPlatforms) = preSolution
		Debug|Any CPU = Debug|Any CPU
		Release|Any CPU = Release|Any CPU
	EndGlobalSection
	GlobalSection(ProjectConfigurationPlatforms) = postSolution
		{EA2296F8-5637-4400-9AAE-9F9711E6D8D5}.Debug|Any CPU.ActiveCfg = Debug|Any CPU
		{EA2296F8-5637-4400-9AAE-9F9711E6D8D5}.Debug|Any CPU.Build.0 = Debug|Any CPU
		{EA2296F8-5637-4400-9AAE-9F9711E6D8D5}.Release|Any CPU.ActiveCfg = Release|Any CPU
		{EA2296F8-5637-4400-9AAE-9F9711E6D8D5}.Release|Any CPU.Build.0 = Release|Any CPU
	EndGlobalSection
	GlobalSection(SolutionProperties) = preSolution
		HideSolutionNode = FALSE
	EndGlobalSection
	GlobalSection(ExtensibilityGlobals) = postSolution
		SolutionGuid = {7DCB5CEA-C366-487D-8070-AB9D85423DE3}
	EndGlobalSection
EndGlobal
